// !$*UTF8*$!
{
	archiveVersion = 1;
	classes = {
	};
	objectVersion = 55;
	objects = {

/* Begin PBXBuildFile section */
		6EBB44E528521C7E0065806A /* UserDefalutsSetting.swift in Sources */ = {isa = PBXBuildFile; fileRef = 6EBB44E428521C7E0065806A /* UserDefalutsSetting.swift */; };
		6EC57211282683A9006453E0 /* ClassData+CoreDataClass.swift in Sources */ = {isa = PBXBuildFile; fileRef = 6EC5720F282683A9006453E0 /* ClassData+CoreDataClass.swift */; };
		6EC57212282683A9006453E0 /* ClassData+CoreDataProperties.swift in Sources */ = {isa = PBXBuildFile; fileRef = 6EC57210282683A9006453E0 /* ClassData+CoreDataProperties.swift */; };
		6EC5721428268CE3006453E0 /* classBox.swift in Sources */ = {isa = PBXBuildFile; fileRef = 6EC5721328268CE3006453E0 /* classBox.swift */; };
		6EC5721628268E52006453E0 /* DayIntex.swift in Sources */ = {isa = PBXBuildFile; fileRef = 6EC5721528268E52006453E0 /* DayIntex.swift */; };
		6EC5721828268F23006453E0 /* TimeIntex.swift in Sources */ = {isa = PBXBuildFile; fileRef = 6EC5721728268F23006453E0 /* TimeIntex.swift */; };
		6EC5721A28268F8D006453E0 /* ClassMatrix.swift in Sources */ = {isa = PBXBuildFile; fileRef = 6EC5721928268F8D006453E0 /* ClassMatrix.swift */; };
		6EC5721C2827A421006453E0 /* ClassSetting.swift in Sources */ = {isa = PBXBuildFile; fileRef = 6EC5721B2827A421006453E0 /* ClassSetting.swift */; };
		6EC7D977283658C4002C8B9C /* ForWatchCOreData.swift in Sources */ = {isa = PBXBuildFile; fileRef = 6EC7D976283658C4002C8B9C /* ForWatchCOreData.swift */; };
		6EC7D97928475335002C8B9C /* EvalItemSetting.swift in Sources */ = {isa = PBXBuildFile; fileRef = 6EC7D97828475335002C8B9C /* EvalItemSetting.swift */; };
		6EC9C770282665EF0005CE8D /* TestCoreDataApp.swift in Sources */ = {isa = PBXBuildFile; fileRef = 6EC9C76F282665EF0005CE8D /* TestCoreDataApp.swift */; };
		6EC9C772282665EF0005CE8D /* ContentView.swift in Sources */ = {isa = PBXBuildFile; fileRef = 6EC9C771282665EF0005CE8D /* ContentView.swift */; };
		6EC9C774282665F10005CE8D /* Assets.xcassets in Resources */ = {isa = PBXBuildFile; fileRef = 6EC9C773282665F10005CE8D /* Assets.xcassets */; };
		6EC9C777282665F10005CE8D /* Preview Assets.xcassets in Resources */ = {isa = PBXBuildFile; fileRef = 6EC9C776282665F10005CE8D /* Preview Assets.xcassets */; };
		6EC9C779282665F10005CE8D /* Persistence.swift in Sources */ = {isa = PBXBuildFile; fileRef = 6EC9C778282665F10005CE8D /* Persistence.swift */; };
		6EC9C77C282665F10005CE8D /* TestCoreData.xcdatamodeld in Sources */ = {isa = PBXBuildFile; fileRef = 6EC9C77A282665F10005CE8D /* TestCoreData.xcdatamodeld */; };
		6ECE25A528532E0700564952 /* ShowAllEvaluatedCards.swift in Sources */ = {isa = PBXBuildFile; fileRef = 6ECE25A428532E0700564952 /* ShowAllEvaluatedCards.swift */; };
		6ECE25A7285336B700564952 /* MissedTimeSetting.swift in Sources */ = {isa = PBXBuildFile; fileRef = 6ECE25A6285336B700564952 /* MissedTimeSetting.swift */; };
		6EDDB1F728526689003EBBFF /* EvaluatedCard.swift in Sources */ = {isa = PBXBuildFile; fileRef = 6EDDB1F628526689003EBBFF /* EvaluatedCard.swift */; };
		6EF12A5A28267386000F31AC /* Data.swift in Sources */ = {isa = PBXBuildFile; fileRef = 6EF12A5928267386000F31AC /* Data.swift */; };
/* End PBXBuildFile section */

/* Begin PBXFileReference section */
		6EBB44E428521C7E0065806A /* UserDefalutsSetting.swift */ = {isa = PBXFileReference; lastKnownFileType = sourcecode.swift; path = UserDefalutsSetting.swift; sourceTree = "<group>"; };
		6EC5720F282683A9006453E0 /* ClassData+CoreDataClass.swift */ = {isa = PBXFileReference; lastKnownFileType = sourcecode.swift; path = "ClassData+CoreDataClass.swift"; sourceTree = "<group>"; };
		6EC57210282683A9006453E0 /* ClassData+CoreDataProperties.swift */ = {isa = PBXFileReference; lastKnownFileType = sourcecode.swift; path = "ClassData+CoreDataProperties.swift"; sourceTree = "<group>"; };
		6EC5721328268CE3006453E0 /* classBox.swift */ = {isa = PBXFileReference; lastKnownFileType = sourcecode.swift; path = classBox.swift; sourceTree = "<group>"; };
		6EC5721528268E52006453E0 /* DayIntex.swift */ = {isa = PBXFileReference; lastKnownFileType = sourcecode.swift; path = DayIntex.swift; sourceTree = "<group>"; };
		6EC5721728268F23006453E0 /* TimeIntex.swift */ = {isa = PBXFileReference; lastKnownFileType = sourcecode.swift; path = TimeIntex.swift; sourceTree = "<group>"; };
		6EC5721928268F8D006453E0 /* ClassMatrix.swift */ = {isa = PBXFileReference; lastKnownFileType = sourcecode.swift; path = ClassMatrix.swift; sourceTree = "<group>"; };
		6EC5721B2827A421006453E0 /* ClassSetting.swift */ = {isa = PBXFileReference; lastKnownFileType = sourcecode.swift; path = ClassSetting.swift; sourceTree = "<group>"; };
		6EC7D976283658C4002C8B9C /* ForWatchCOreData.swift */ = {isa = PBXFileReference; lastKnownFileType = sourcecode.swift; path = ForWatchCOreData.swift; sourceTree = "<group>"; };
		6EC7D97828475335002C8B9C /* EvalItemSetting.swift */ = {isa = PBXFileReference; lastKnownFileType = sourcecode.swift; path = EvalItemSetting.swift; sourceTree = "<group>"; };
		6EC9C76C282665EF0005CE8D /* TestCoreData.app */ = {isa = PBXFileReference; explicitFileType = wrapper.application; includeInIndex = 0; path = TestCoreData.app; sourceTree = BUILT_PRODUCTS_DIR; };
		6EC9C76F282665EF0005CE8D /* TestCoreDataApp.swift */ = {isa = PBXFileReference; lastKnownFileType = sourcecode.swift; path = TestCoreDataApp.swift; sourceTree = "<group>"; };
		6EC9C771282665EF0005CE8D /* ContentView.swift */ = {isa = PBXFileReference; lastKnownFileType = sourcecode.swift; path = ContentView.swift; sourceTree = "<group>"; };
		6EC9C773282665F10005CE8D /* Assets.xcassets */ = {isa = PBXFileReference; lastKnownFileType = folder.assetcatalog; path = Assets.xcassets; sourceTree = "<group>"; };
		6EC9C776282665F10005CE8D /* Preview Assets.xcassets */ = {isa = PBXFileReference; lastKnownFileType = folder.assetcatalog; path = "Preview Assets.xcassets"; sourceTree = "<group>"; };
		6EC9C778282665F10005CE8D /* Persistence.swift */ = {isa = PBXFileReference; lastKnownFileType = sourcecode.swift; path = Persistence.swift; sourceTree = "<group>"; };
		6EC9C77B282665F10005CE8D /* TestCoreData.xcdatamodel */ = {isa = PBXFileReference; lastKnownFileType = wrapper.xcdatamodel; path = TestCoreData.xcdatamodel; sourceTree = "<group>"; };
		6ECE25A428532E0700564952 /* ShowAllEvaluatedCards.swift */ = {isa = PBXFileReference; lastKnownFileType = sourcecode.swift; path = ShowAllEvaluatedCards.swift; sourceTree = "<group>"; };
		6ECE25A6285336B700564952 /* MissedTimeSetting.swift */ = {isa = PBXFileReference; lastKnownFileType = sourcecode.swift; path = MissedTimeSetting.swift; sourceTree = "<group>"; };
		6EDDB1F628526689003EBBFF /* EvaluatedCard.swift */ = {isa = PBXFileReference; lastKnownFileType = sourcecode.swift; path = EvaluatedCard.swift; sourceTree = "<group>"; };
		6EF12A5928267386000F31AC /* Data.swift */ = {isa = PBXFileReference; lastKnownFileType = sourcecode.swift; path = Data.swift; sourceTree = "<group>"; };
/* End PBXFileReference section */

/* Begin PBXFrameworksBuildPhase section */
		6EC9C769282665EF0005CE8D /* Frameworks */ = {
			isa = PBXFrameworksBuildPhase;
			buildActionMask = 2147483647;
			files = (
			);
			runOnlyForDeploymentPostprocessing = 0;
		};
/* End PBXFrameworksBuildPhase section */

/* Begin PBXGroup section */
		6EC9C763282665EF0005CE8D = {
			isa = PBXGroup;
			children = (
				6EC9C76E282665EF0005CE8D /* TestCoreData */,
				6EC9C76D282665EF0005CE8D /* Products */,
			);
			sourceTree = "<group>";
		};
		6EC9C76D282665EF0005CE8D /* Products */ = {
			isa = PBXGroup;
			children = (
				6EC9C76C282665EF0005CE8D /* TestCoreData.app */,
			);
			name = Products;
			sourceTree = "<group>";
		};
		6EC9C76E282665EF0005CE8D /* TestCoreData */ = {
			isa = PBXGroup;
			children = (
				6EC57210282683A9006453E0 /* ClassData+CoreDataProperties.swift */,
				6EC5720F282683A9006453E0 /* ClassData+CoreDataClass.swift */,
				6EF12A5928267386000F31AC /* Data.swift */,
				6EC9C76F282665EF0005CE8D /* TestCoreDataApp.swift */,
				6EC9C771282665EF0005CE8D /* ContentView.swift */,
				6EC5721528268E52006453E0 /* DayIntex.swift */,
				6EC5721728268F23006453E0 /* TimeIntex.swift */,
				6EC5721928268F8D006453E0 /* ClassMatrix.swift */,
				6EC7D976283658C4002C8B9C /* ForWatchCOreData.swift */,
				6EC5721328268CE3006453E0 /* classBox.swift */,
				6EC5721B2827A421006453E0 /* ClassSetting.swift */,
				6EC7D97828475335002C8B9C /* EvalItemSetting.swift */,
				6EDDB1F628526689003EBBFF /* EvaluatedCard.swift */,
				6ECE25A428532E0700564952 /* ShowAllEvaluatedCards.swift */,
				6ECE25A6285336B700564952 /* MissedTimeSetting.swift */,
				6EBB44E428521C7E0065806A /* UserDefalutsSetting.swift */,
				6EC9C773282665F10005CE8D /* Assets.xcassets */,
				6EC9C778282665F10005CE8D /* Persistence.swift */,
				6EC9C77A282665F10005CE8D /* TestCoreData.xcdatamodeld */,
				6EC9C775282665F10005CE8D /* Preview Content */,
			);
			path = TestCoreData;
			sourceTree = "<group>";
		};
		6EC9C775282665F10005CE8D /* Preview Content */ = {
			isa = PBXGroup;
			children = (
				6EC9C776282665F10005CE8D /* Preview Assets.xcassets */,
			);
			path = "Preview Content";
			sourceTree = "<group>";
		};
/* End PBXGroup section */

/* Begin PBXNativeTarget section */
		6EC9C76B282665EF0005CE8D /* TestCoreData */ = {
			isa = PBXNativeTarget;
			buildConfigurationList = 6EC9C77F282665F10005CE8D /* Build configuration list for PBXNativeTarget "TestCoreData" */;
			buildPhases = (
				6EC9C768282665EF0005CE8D /* Sources */,
				6EC9C769282665EF0005CE8D /* Frameworks */,
				6EC9C76A282665EF0005CE8D /* Resources */,
			);
			buildRules = (
			);
			dependencies = (
			);
			name = TestCoreData;
			productName = TestCoreData;
			productReference = 6EC9C76C282665EF0005CE8D /* TestCoreData.app */;
			productType = "com.apple.product-type.application";
		};
/* End PBXNativeTarget section */

/* Begin PBXProject section */
		6EC9C764282665EF0005CE8D /* Project object */ = {
			isa = PBXProject;
			attributes = {
				BuildIndependentTargetsInParallel = 1;
				LastSwiftUpdateCheck = 1330;
				LastUpgradeCheck = 1330;
				TargetAttributes = {
					6EC9C76B282665EF0005CE8D = {
						CreatedOnToolsVersion = 13.3.1;
					};
				};
			};
			buildConfigurationList = 6EC9C767282665EF0005CE8D /* Build configuration list for PBXProject "TestCoreData" */;
			compatibilityVersion = "Xcode 13.0";
			developmentRegion = en;
			hasScannedForEncodings = 0;
			knownRegions = (
				en,
				Base,
			);
			mainGroup = 6EC9C763282665EF0005CE8D;
			productRefGroup = 6EC9C76D282665EF0005CE8D /* Products */;
			projectDirPath = "";
			projectRoot = "";
			targets = (
				6EC9C76B282665EF0005CE8D /* TestCoreData */,
			);
		};
/* End PBXProject section */

/* Begin PBXResourcesBuildPhase section */
		6EC9C76A282665EF0005CE8D /* Resources */ = {
			isa = PBXResourcesBuildPhase;
			buildActionMask = 2147483647;
			files = (
				6EC9C777282665F10005CE8D /* Preview Assets.xcassets in Resources */,
				6EC9C774282665F10005CE8D /* Assets.xcassets in Resources */,
			);
			runOnlyForDeploymentPostprocessing = 0;
		};
/* End PBXResourcesBuildPhase section */

/* Begin PBXSourcesBuildPhase section */
		6EC9C768282665EF0005CE8D /* Sources */ = {
			isa = PBXSourcesBuildPhase;
			buildActionMask = 2147483647;
			files = (
				6EC5721828268F23006453E0 /* TimeIntex.swift in Sources */,
				6EC57212282683A9006453E0 /* ClassData+CoreDataProperties.swift in Sources */,
				6EC5721C2827A421006453E0 /* ClassSetting.swift in Sources */,
				6EDDB1F728526689003EBBFF /* EvaluatedCard.swift in Sources */,
				6EBB44E528521C7E0065806A /* UserDefalutsSetting.swift in Sources */,
				6EC5721628268E52006453E0 /* DayIntex.swift in Sources */,
				6EC9C77C282665F10005CE8D /* TestCoreData.xcdatamodeld in Sources */,
				6EF12A5A28267386000F31AC /* Data.swift in Sources */,
				6EC9C779282665F10005CE8D /* Persistence.swift in Sources */,
				6EC7D97928475335002C8B9C /* EvalItemSetting.swift in Sources */,
				6EC5721428268CE3006453E0 /* classBox.swift in Sources */,
				6EC9C772282665EF0005CE8D /* ContentView.swift in Sources */,
				6EC9C770282665EF0005CE8D /* TestCoreDataApp.swift in Sources */,
				6EC7D977283658C4002C8B9C /* ForWatchCOreData.swift in Sources */,
				6ECE25A7285336B700564952 /* MissedTimeSetting.swift in Sources */,
				6EC57211282683A9006453E0 /* ClassData+CoreDataClass.swift in Sources */,
				6ECE25A528532E0700564952 /* ShowAllEvaluatedCards.swift in Sources */,
				6EC5721A28268F8D006453E0 /* ClassMatrix.swift in Sources */,
			);
			runOnlyForDeploymentPostprocessing = 0;
		};
/* End PBXSourcesBuildPhase section */

/* Begin XCBuildConfiguration section */
		6EC9C77D282665F10005CE8D /* Debug */ = {
			isa = XCBuildConfiguration;
			buildSettings = {
				ALWAYS_SEARCH_USER_PATHS = NO;
				CLANG_ANALYZER_NONNULL = YES;
				CLANG_ANALYZER_NUMBER_OBJECT_CONVERSION = YES_AGGRESSIVE;
				CLANG_CXX_LANGUAGE_STANDARD = "gnu++17";
				CLANG_ENABLE_MODULES = YES;
				CLANG_ENABLE_OBJC_ARC = YES;
				CLANG_ENABLE_OBJC_WEAK = YES;
				CLANG_WARN_BLOCK_CAPTURE_AUTORELEASING = YES;
				CLANG_WARN_BOOL_CONVERSION = YES;
				CLANG_WARN_COMMA = YES;
				CLANG_WARN_CONSTANT_CONVERSION = YES;
				CLANG_WARN_DEPRECATED_OBJC_IMPLEMENTATIONS = YES;
				CLANG_WARN_DIRECT_OBJC_ISA_USAGE = YES_ERROR;
				CLANG_WARN_DOCUMENTATION_COMMENTS = YES;
				CLANG_WARN_EMPTY_BODY = YES;
				CLANG_WARN_ENUM_CONVERSION = YES;
				CLANG_WARN_INFINITE_RECURSION = YES;
				CLANG_WARN_INT_CONVERSION = YES;
				CLANG_WARN_NON_LITERAL_NULL_CONVERSION = YES;
				CLANG_WARN_OBJC_IMPLICIT_RETAIN_SELF = YES;
				CLANG_WARN_OBJC_LITERAL_CONVERSION = YES;
				CLANG_WARN_OBJC_ROOT_CLASS = YES_ERROR;
				CLANG_WARN_QUOTED_INCLUDE_IN_FRAMEWORK_HEADER = YES;
				CLANG_WARN_RANGE_LOOP_ANALYSIS = YES;
				CLANG_WARN_STRICT_PROTOTYPES = YES;
				CLANG_WARN_SUSPICIOUS_MOVE = YES;
				CLANG_WARN_UNGUARDED_AVAILABILITY = YES_AGGRESSIVE;
				CLANG_WARN_UNREACHABLE_CODE = YES;
				CLANG_WARN__DUPLICATE_METHOD_MATCH = YES;
				COPY_PHASE_STRIP = NO;
				DEBUG_INFORMATION_FORMAT = dwarf;
				ENABLE_STRICT_OBJC_MSGSEND = YES;
				ENABLE_TESTABILITY = YES;
				GCC_C_LANGUAGE_STANDARD = gnu11;
				GCC_DYNAMIC_NO_PIC = NO;
				GCC_NO_COMMON_BLOCKS = YES;
				GCC_OPTIMIZATION_LEVEL = 0;
				GCC_PREPROCESSOR_DEFINITIONS = (
					"DEBUG=1",
					"$(inherited)",
				);
				GCC_WARN_64_TO_32_BIT_CONVERSION = YES;
				GCC_WARN_ABOUT_RETURN_TYPE = YES_ERROR;
				GCC_WARN_UNDECLARED_SELECTOR = YES;
				GCC_WARN_UNINITIALIZED_AUTOS = YES_AGGRESSIVE;
				GCC_WARN_UNUSED_FUNCTION = YES;
				GCC_WARN_UNUSED_VARIABLE = YES;
				IPHONEOS_DEPLOYMENT_TARGET = 15.4;
				MTL_ENABLE_DEBUG_INFO = INCLUDE_SOURCE;
				MTL_FAST_MATH = YES;
				ONLY_ACTIVE_ARCH = YES;
				SDKROOT = iphoneos;
				SWIFT_ACTIVE_COMPILATION_CONDITIONS = DEBUG;
				SWIFT_OPTIMIZATION_LEVEL = "-Onone";
			};
			name = Debug;
		};
		6EC9C77E282665F10005CE8D /* Release */ = {
			isa = XCBuildConfiguration;
			buildSettings = {
				ALWAYS_SEARCH_USER_PATHS = NO;
				CLANG_ANALYZER_NONNULL = YES;
				CLANG_ANALYZER_NUMBER_OBJECT_CONVERSION = YES_AGGRESSIVE;
				CLANG_CXX_LANGUAGE_STANDARD = "gnu++17";
				CLANG_ENABLE_MODULES = YES;
				CLANG_ENABLE_OBJC_ARC = YES;
				CLANG_ENABLE_OBJC_WEAK = YES;
				CLANG_WARN_BLOCK_CAPTURE_AUTORELEASING = YES;
				CLANG_WARN_BOOL_CONVERSION = YES;
				CLANG_WARN_COMMA = YES;
				CLANG_WARN_CONSTANT_CONVERSION = YES;
				CLANG_WARN_DEPRECATED_OBJC_IMPLEMENTATIONS = YES;
				CLANG_WARN_DIRECT_OBJC_ISA_USAGE = YES_ERROR;
				CLANG_WARN_DOCUMENTATION_COMMENTS = YES;
				CLANG_WARN_EMPTY_BODY = YES;
				CLANG_WARN_ENUM_CONVERSION = YES;
				CLANG_WARN_INFINITE_RECURSION = YES;
				CLANG_WARN_INT_CONVERSION = YES;
				CLANG_WARN_NON_LITERAL_NULL_CONVERSION = YES;
				CLANG_WARN_OBJC_IMPLICIT_RETAIN_SELF = YES;
				CLANG_WARN_OBJC_LITERAL_CONVERSION = YES;
				CLANG_WARN_OBJC_ROOT_CLASS = YES_ERROR;
				CLANG_WARN_QUOTED_INCLUDE_IN_FRAMEWORK_HEADER = YES;
				CLANG_WARN_RANGE_LOOP_ANALYSIS = YES;
				CLANG_WARN_STRICT_PROTOTYPES = YES;
				CLANG_WARN_SUSPICIOUS_MOVE = YES;
				CLANG_WARN_UNGUARDED_AVAILABILITY = YES_AGGRESSIVE;
				CLANG_WARN_UNREACHABLE_CODE = YES;
				CLANG_WARN__DUPLICATE_METHOD_MATCH = YES;
				COPY_PHASE_STRIP = NO;
				DEBUG_INFORMATION_FORMAT = "dwarf-with-dsym";
				ENABLE_NS_ASSERTIONS = NO;
				ENABLE_STRICT_OBJC_MSGSEND = YES;
				GCC_C_LANGUAGE_STANDARD = gnu11;
				GCC_NO_COMMON_BLOCKS = YES;
				GCC_WARN_64_TO_32_BIT_CONVERSION = YES;
				GCC_WARN_ABOUT_RETURN_TYPE = YES_ERROR;
				GCC_WARN_UNDECLARED_SELECTOR = YES;
				GCC_WARN_UNINITIALIZED_AUTOS = YES_AGGRESSIVE;
				GCC_WARN_UNUSED_FUNCTION = YES;
				GCC_WARN_UNUSED_VARIABLE = YES;
				IPHONEOS_DEPLOYMENT_TARGET = 15.4;
				MTL_ENABLE_DEBUG_INFO = NO;
				MTL_FAST_MATH = YES;
				SDKROOT = iphoneos;
				SWIFT_COMPILATION_MODE = wholemodule;
				SWIFT_OPTIMIZATION_LEVEL = "-O";
				VALIDATE_PRODUCT = YES;
			};
			name = Release;
		};
		6EC9C780282665F10005CE8D /* Debug */ = {
			isa = XCBuildConfiguration;
			buildSettings = {
				ASSETCATALOG_COMPILER_APPICON_NAME = AppIcon;
				ASSETCATALOG_COMPILER_GLOBAL_ACCENT_COLOR_NAME = AccentColor;
				CODE_SIGN_STYLE = Automatic;
				CURRENT_PROJECT_VERSION = 1;
				DEVELOPMENT_ASSET_PATHS = "\"TestCoreData/Preview Content\"";
				DEVELOPMENT_TEAM = B2M8A3CKRT;
				ENABLE_PREVIEWS = YES;
				GENERATE_INFOPLIST_FILE = YES;
				INFOPLIST_KEY_UIApplicationSceneManifest_Generation = YES;
				INFOPLIST_KEY_UIApplicationSupportsIndirectInputEvents = YES;
				INFOPLIST_KEY_UILaunchScreen_Generation = YES;
				INFOPLIST_KEY_UISupportedInterfaceOrientations_iPad = "UIInterfaceOrientationPortrait UIInterfaceOrientationPortraitUpsideDown UIInterfaceOrientationLandscapeLeft UIInterfaceOrientationLandscapeRight";
				INFOPLIST_KEY_UISupportedInterfaceOrientations_iPhone = "UIInterfaceOrientationPortrait UIInterfaceOrientationLandscapeLeft UIInterfaceOrientationLandscapeRight";
				INFOPLIST_KEY_UIUserInterfaceStyle = Light;
				LD_RUNPATH_SEARCH_PATHS = (
					"$(inherited)",
					"@executable_path/Frameworks",
				);
				MARKETING_VERSION = 1.0;
				PRODUCT_BUNDLE_IDENTIFIER = com.gmail.akasatanana0894.TestCoreData;
				PRODUCT_NAME = "$(TARGET_NAME)";
				SWIFT_EMIT_LOC_STRINGS = YES;
				SWIFT_VERSION = 5.0;
				TARGETED_DEVICE_FAMILY = "1,2";
			};
			name = Debug;
		};
		6EC9C781282665F10005CE8D /* Release */ = {
			isa = XCBuildConfiguration;
			buildSettings = {
				ASSETCATALOG_COMPILER_APPICON_NAME = AppIcon;
				ASSETCATALOG_COMPILER_GLOBAL_ACCENT_COLOR_NAME = AccentColor;
				CODE_SIGN_STYLE = Automatic;
				CURRENT_PROJECT_VERSION = 1;
				DEVELOPMENT_ASSET_PATHS = "\"TestCoreData/Preview Content\"";
				DEVELOPMENT_TEAM = B2M8A3CKRT;
				ENABLE_PREVIEWS = YES;
				GENERATE_INFOPLIST_FILE = YES;
				INFOPLIST_KEY_UIApplicationSceneManifest_Generation = YES;
				INFOPLIST_KEY_UIApplicationSupportsIndirectInputEvents = YES;
				INFOPLIST_KEY_UILaunchScreen_Generation = YES;
				INFOPLIST_KEY_UISupportedInterfaceOrientations_iPad = "UIInterfaceOrientationPortrait UIInterfaceOrientationPortraitUpsideDown UIInterfaceOrientationLandscapeLeft UIInterfaceOrientationLandscapeRight";
				INFOPLIST_KEY_UISupportedInterfaceOrientations_iPhone = "UIInterfaceOrientationPortrait UIInterfaceOrientationLandscapeLeft UIInterfaceOrientationLandscapeRight";
				INFOPLIST_KEY_UIUserInterfaceStyle = Light;
				LD_RUNPATH_SEARCH_PATHS = (
					"$(inherited)",
					"@executable_path/Frameworks",
				);
				MARKETING_VERSION = 1.0;
				PRODUCT_BUNDLE_IDENTIFIER = com.gmail.akasatanana0894.TestCoreData;
				PRODUCT_NAME = "$(TARGET_NAME)";
				SWIFT_EMIT_LOC_STRINGS = YES;
				SWIFT_VERSION = 5.0;
				TARGETED_DEVICE_FAMILY = "1,2";
			};
			name = Release;
		};
/* End XCBuildConfiguration section */

/* Begin XCConfigurationList section */
		6EC9C767282665EF0005CE8D /* Build configuration list for PBXProject "TestCoreData" */ = {
			isa = XCConfigurationList;
			buildConfigurations = (
				6EC9C77D282665F10005CE8D /* Debug */,
				6EC9C77E282665F10005CE8D /* Release */,
			);
			defaultConfigurationIsVisible = 0;
			defaultConfigurationName = Release;
		};
		6EC9C77F282665F10005CE8D /* Build configuration list for PBXNativeTarget "TestCoreData" */ = {
			isa = XCConfigurationList;
			buildConfigurations = (
				6EC9C780282665F10005CE8D /* Debug */,
				6EC9C781282665F10005CE8D /* Release */,
			);
			defaultConfigurationIsVisible = 0;
			defaultConfigurationName = Release;
		};
/* End XCConfigurationList section */

/* Begin XCVersionGroup section */
		6EC9C77A282665F10005CE8D /* TestCoreData.xcdatamodeld */ = {
			isa = XCVersionGroup;
			children = (
				6EC9C77B282665F10005CE8D /* TestCoreData.xcdatamodel */,
			);
			currentVersion = 6EC9C77B282665F10005CE8D /* TestCoreData.xcdatamodel */;
			path = TestCoreData.xcdatamodeld;
			sourceTree = "<group>";
			versionGroupType = wrapper.xcdatamodel;
		};
/* End XCVersionGroup section */
	};
	rootObject = 6EC9C764282665EF0005CE8D /* Project object */;
}
